// !$*UTF8*$!
{
	archiveVersion = 1;
	classes = {
	};
	objectVersion = 50;
	objects = {

/* Begin PBXBuildFile section */
		670DEAAD259C7DEF00B52688 /* AppDelegate.swift in Sources */ = {isa = PBXBuildFile; fileRef = 670DEAAC259C7DEF00B52688 /* AppDelegate.swift */; };
		670DEAAF259C7DEF00B52688 /* SceneDelegate.swift in Sources */ = {isa = PBXBuildFile; fileRef = 670DEAAE259C7DEF00B52688 /* SceneDelegate.swift */; };
		670DEAB1259C7DEF00B52688 /* ViewController.swift in Sources */ = {isa = PBXBuildFile; fileRef = 670DEAB0259C7DEF00B52688 /* ViewController.swift */; };
		670DEAB4259C7DEF00B52688 /* Main.storyboard in Resources */ = {isa = PBXBuildFile; fileRef = 670DEAB2259C7DEF00B52688 /* Main.storyboard */; };
		670DEAB6259C7E1200B52688 /* Assets.xcassets in Resources */ = {isa = PBXBuildFile; fileRef = 670DEAB5259C7E1200B52688 /* Assets.xcassets */; };
		670DEAB9259C7E1200B52688 /* LaunchScreen.storyboard in Resources */ = {isa = PBXBuildFile; fileRef = 670DEAB7259C7E1200B52688 /* LaunchScreen.storyboard */; };
		670DEAC3259D80E000B52688 /* DemoCell.swift in Sources */ = {isa = PBXBuildFile; fileRef = 670DEAC2259D80E000B52688 /* DemoCell.swift */; };
		673DEFE625A6B7C00035C468 /* DetailViewController.swift in Sources */ = {isa = PBXBuildFile; fileRef = 673DEFE525A6B7C00035C468 /* DetailViewController.swift */; };
/* End PBXBuildFile section */

/* Begin PBXFileReference section */
		670DEAA9259C7DEF00B52688 /* ListDemo.app */ = {isa = PBXFileReference; explicitFileType = wrapper.application; includeInIndex = 0; path = ListDemo.app; sourceTree = BUILT_PRODUCTS_DIR; };
		670DEAAC259C7DEF00B52688 /* AppDelegate.swift */ = {isa = PBXFileReference; lastKnownFileType = sourcecode.swift; path = AppDelegate.swift; sourceTree = "<group>"; };
		670DEAAE259C7DEF00B52688 /* SceneDelegate.swift */ = {isa = PBXFileReference; lastKnownFileType = sourcecode.swift; path = SceneDelegate.swift; sourceTree = "<group>"; };
		670DEAB0259C7DEF00B52688 /* ViewController.swift */ = {isa = PBXFileReference; lastKnownFileType = sourcecode.swift; path = ViewController.swift; sourceTree = "<group>"; };
		670DEAB3259C7DEF00B52688 /* Base */ = {isa = PBXFileReference; lastKnownFileType = file.storyboard; name = Base; path = Base.lproj/Main.storyboard; sourceTree = "<group>"; };
		670DEAB5259C7E1200B52688 /* Assets.xcassets */ = {isa = PBXFileReference; lastKnownFileType = folder.assetcatalog; path = Assets.xcassets; sourceTree = "<group>"; };
		670DEAB8259C7E1200B52688 /* Base */ = {isa = PBXFileReference; lastKnownFileType = file.storyboard; name = Base; path = Base.lproj/LaunchScreen.storyboard; sourceTree = "<group>"; };
		670DEABA259C7E1200B52688 /* Info.plist */ = {isa = PBXFileReference; lastKnownFileType = text.plist.xml; path = Info.plist; sourceTree = "<group>"; };
		670DEAC2259D80E000B52688 /* DemoCell.swift */ = {isa = PBXFileReference; lastKnownFileType = sourcecode.swift; path = DemoCell.swift; sourceTree = "<group>"; };
		673DEFE525A6B7C00035C468 /* DetailViewController.swift */ = {isa = PBXFileReference; lastKnownFileType = sourcecode.swift; path = DetailViewController.swift; sourceTree = "<group>"; };
/* End PBXFileReference section */

/* Begin PBXFrameworksBuildPhase section */
		670DEAA6259C7DEF00B52688 /* Frameworks */ = {
			isa = PBXFrameworksBuildPhase;
			buildActionMask = 2147483647;
			files = (
			);
			runOnlyForDeploymentPostprocessing = 0;
		};
/* End PBXFrameworksBuildPhase section */

/* Begin PBXGroup section */
		670DEAA0259C7DEF00B52688 = {
			isa = PBXGroup;
			children = (
				670DEAAB259C7DEF00B52688 /* ListDemo */,
				670DEAAA259C7DEF00B52688 /* Products */,
			);
			sourceTree = "<group>";
		};
		670DEAAA259C7DEF00B52688 /* Products */ = {
			isa = PBXGroup;
			children = (
				670DEAA9259C7DEF00B52688 /* ListDemo.app */,
			);
			name = Products;
			sourceTree = "<group>";
		};
		670DEAAB259C7DEF00B52688 /* ListDemo */ = {
			isa = PBXGroup;
			children = (
				670DEAAC259C7DEF00B52688 /* AppDelegate.swift */,
				670DEAAE259C7DEF00B52688 /* SceneDelegate.swift */,
				670DEAB0259C7DEF00B52688 /* ViewController.swift */,
				673DEFE525A6B7C00035C468 /* DetailViewController.swift */,
				670DEAC2259D80E000B52688 /* DemoCell.swift */,
				670DEAB2259C7DEF00B52688 /* Main.storyboard */,
				670DEAB5259C7E1200B52688 /* Assets.xcassets */,
				670DEAB7259C7E1200B52688 /* LaunchScreen.storyboard */,
				670DEABA259C7E1200B52688 /* Info.plist */,
			);
			path = ListDemo;
			sourceTree = "<group>";
		};
/* End PBXGroup section */

/* Begin PBXNativeTarget section */
		670DEAA8259C7DEF00B52688 /* ListDemo */ = {
			isa = PBXNativeTarget;
			buildConfigurationList = 670DEABD259C7E1200B52688 /* Build configuration list for PBXNativeTarget "ListDemo" */;
			buildPhases = (
				670DEAA5259C7DEF00B52688 /* Sources */,
				670DEAA6259C7DEF00B52688 /* Frameworks */,
				670DEAA7259C7DEF00B52688 /* Resources */,
			);
			buildRules = (
			);
			dependencies = (
			);
			name = ListDemo;
			productName = ListDemo;
			productReference = 670DEAA9259C7DEF00B52688 /* ListDemo.app */;
			productType = "com.apple.product-type.application";
		};
/* End PBXNativeTarget section */

/* Begin PBXProject section */
		670DEAA1259C7DEF00B52688 /* Project object */ = {
			isa = PBXProject;
			attributes = {
				LastSwiftUpdateCheck = 1230;
				LastUpgradeCheck = 1230;
				TargetAttributes = {
					670DEAA8259C7DEF00B52688 = {
						CreatedOnToolsVersion = 12.3;
					};
				};
			};
			buildConfigurationList = 670DEAA4259C7DEF00B52688 /* Build configuration list for PBXProject "ListDemo" */;
			compatibilityVersion = "Xcode 9.3";
			developmentRegion = en;
			hasScannedForEncodings = 0;
			knownRegions = (
				en,
				Base,
			);
			mainGroup = 670DEAA0259C7DEF00B52688;
			productRefGroup = 670DEAAA259C7DEF00B52688 /* Products */;
			projectDirPath = "";
			projectRoot = "";
			targets = (
				670DEAA8259C7DEF00B52688 /* ListDemo */,
			);
		};
/* End PBXProject section */

/* Begin PBXResourcesBuildPhase section */
		670DEAA7259C7DEF00B52688 /* Resources */ = {
			isa = PBXResourcesBuildPhase;
			buildActionMask = 2147483647;
			files = (
				670DEAB9259C7E1200B52688 /* LaunchScreen.storyboard in Resources */,
				670DEAB6259C7E1200B52688 /* Assets.xcassets in Resources */,
				670DEAB4259C7DEF00B52688 /* Main.storyboard in Resources */,
			);
			runOnlyForDeploymentPostprocessing = 0;
		};
/* End PBXResourcesBuildPhase section */

/* Begin PBXSourcesBuildPhase section */
		670DEAA5259C7DEF00B52688 /* Sources */ = {
			isa = PBXSourcesBuildPhase;
			buildActionMask = 2147483647;
			files = (
				670DEAB1259C7DEF00B52688 /* ViewController.swift in Sources */,
				670DEAAD259C7DEF00B52688 /* AppDelegate.swift in Sources */,
				673DEFE625A6B7C00035C468 /* DetailViewController.swift in Sources */,
				670DEAC3259D80E000B52688 /* DemoCell.swift in Sources */,
				670DEAAF259C7DEF00B52688 /* SceneDelegate.swift in Sources */,
			);
			runOnlyForDeploymentPostprocessing = 0;
		};
/* End PBXSourcesBuildPhase section */

/* Begin PBXVariantGroup section */
		670DEAB2259C7DEF00B52688 /* Main.storyboard */ = {
			isa = PBXVariantGroup;
			children = (
				670DEAB3259C7DEF00B52688 /* Base */,
			);
			name = Main.storyboard;
			sourceTree = "<group>";
		};
		670DEAB7259C7E1200B52688 /* LaunchScreen.storyboard */ = {
			isa = PBXVariantGroup;
			children = (
				670DEAB8259C7E1200B52688 /* Base */,
			);
			name = LaunchScreen.storyboard;
			sourceTree = "<group>";
		};
/* End PBXVariantGroup section */

/* Begin XCBuildConfiguration section */
		670DEABB259C7E1200B52688 /* Debug */ = {
			isa = XCBuildConfiguration;
			buildSettings = {
				ALWAYS_SEARCH_USER_PATHS = NO;
				CLANG_ANALYZER_NONNULL = YES;
				CLANG_ANALYZER_NUMBER_OBJECT_CONVERSION = YES_AGGRESSIVE;
				CLANG_CXX_LANGUAGE_STANDARD = "gnu++14";
				CLANG_CXX_LIBRARY = "libc++";
				CLANG_ENABLE_MODULES = YES;
				CLANG_ENABLE_OBJC_ARC = YES;
				CLANG_ENABLE_OBJC_WEAK = YES;
				CLANG_WARN_BLOCK_CAPTURE_AUTORELEASING = YES;
				CLANG_WARN_BOOL_CONVERSION = YES;
				CLANG_WARN_COMMA = YES;
				CLANG_WARN_CONSTANT_CONVERSION = YES;
				CLANG_WARN_DEPRECATED_OBJC_IMPLEMENTATIONS = YES;
				CLANG_WARN_DIRECT_OBJC_ISA_USAGE = YES_ERROR;
				CLANG_WARN_DOCUMENTATION_COMMENTS = YES;
				CLANG_WARN_EMPTY_BODY = YES;
				CLANG_WARN_ENUM_CONVERSION = YES;
				CLANG_WARN_INFINITE_RECURSION = YES;
				CLANG_WARN_INT_CONVERSION = YES;
				CLANG_WARN_NON_LITERAL_NULL_CONVERSION = YES;
				CLANG_WARN_OBJC_IMPLICIT_RETAIN_SELF = YES;
				CLANG_WARN_OBJC_LITERAL_CONVERSION = YES;
				CLANG_WARN_OBJC_ROOT_CLASS = YES_ERROR;
				CLANG_WARN_QUOTED_INCLUDE_IN_FRAMEWORK_HEADER = YES;
				CLANG_WARN_RANGE_LOOP_ANALYSIS = YES;
				CLANG_WARN_STRICT_PROTOTYPES = YES;
				CLANG_WARN_SUSPICIOUS_MOVE = YES;
				CLANG_WARN_UNGUARDED_AVAILABILITY = YES_AGGRESSIVE;
				CLANG_WARN_UNREACHABLE_CODE = YES;
				CLANG_WARN__DUPLICATE_METHOD_MATCH = YES;
				COPY_PHASE_STRIP = NO;
				DEBUG_INFORMATION_FORMAT = dwarf;
				ENABLE_STRICT_OBJC_MSGSEND = YES;
				ENABLE_TESTABILITY = YES;
				GCC_C_LANGUAGE_STANDARD = gnu11;
				GCC_DYNAMIC_NO_PIC = NO;
				GCC_NO_COMMON_BLOCKS = YES;
				GCC_OPTIMIZATION_LEVEL = 0;
				GCC_PREPROCESSOR_DEFINITIONS = (
					"DEBUG=1",
					"$(inherited)",
				);
				GCC_WARN_64_TO_32_BIT_CONVERSION = YES;
				GCC_WARN_ABOUT_RETURN_TYPE = YES_ERROR;
				GCC_WARN_UNDECLARED_SELECTOR = YES;
				GCC_WARN_UNINITIALIZED_AUTOS = YES_AGGRESSIVE;
				GCC_WARN_UNUSED_FUNCTION = YES;
				GCC_WARN_UNUSED_VARIABLE = YES;
				IPHONEOS_DEPLOYMENT_TARGET = 14.3;
				MTL_ENABLE_DEBUG_INFO = INCLUDE_SOURCE;
				MTL_FAST_MATH = YES;
				ONLY_ACTIVE_ARCH = YES;
				SDKROOT = iphoneos;
				SWIFT_ACTIVE_COMPILATION_CONDITIONS = DEBUG;
				SWIFT_OPTIMIZATION_LEVEL = "-Onone";
			};
			name = Debug;
		};
		670DEABC259C7E1200B52688 /* Release */ = {
			isa = XCBuildConfiguration;
			buildSettings = {
				ALWAYS_SEARCH_USER_PATHS = NO;
				CLANG_ANALYZER_NONNULL = YES;
				CLANG_ANALYZER_NUMBER_OBJECT_CONVERSION = YES_AGGRESSIVE;
				CLANG_CXX_LANGUAGE_STANDARD = "gnu++14";
				CLANG_CXX_LIBRARY = "libc++";
				CLANG_ENABLE_MODULES = YES;
				CLANG_ENABLE_OBJC_ARC = YES;
				CLANG_ENABLE_OBJC_WEAK = YES;
				CLANG_WARN_BLOCK_CAPTURE_AUTORELEASING = YES;
				CLANG_WARN_BOOL_CONVERSION = YES;
				CLANG_WARN_COMMA = YES;
				CLANG_WARN_CONSTANT_CONVERSION = YES;
				CLANG_WARN_DEPRECATED_OBJC_IMPLEMENTATIONS = YES;
				CLANG_WARN_DIRECT_OBJC_ISA_USAGE = YES_ERROR;
				CLANG_WARN_DOCUMENTATION_COMMENTS = YES;
				CLANG_WARN_EMPTY_BODY = YES;
				CLANG_WARN_ENUM_CONVERSION = YES;
				CLANG_WARN_INFINITE_RECURSION = YES;
				CLANG_WARN_INT_CONVERSION = YES;
				CLANG_WARN_NON_LITERAL_NULL_CONVERSION = YES;
				CLANG_WARN_OBJC_IMPLICIT_RETAIN_SELF = YES;
				CLANG_WARN_OBJC_LITERAL_CONVERSION = YES;
				CLANG_WARN_OBJC_ROOT_CLASS = YES_ERROR;
				CLANG_WARN_QUOTED_INCLUDE_IN_FRAMEWORK_HEADER = YES;
				CLANG_WARN_RANGE_LOOP_ANALYSIS = YES;
				CLANG_WARN_STRICT_PROTOTYPES = YES;
				CLANG_WARN_SUSPICIOUS_MOVE = YES;
				CLANG_WARN_UNGUARDED_AVAILABILITY = YES_AGGRESSIVE;
				CLANG_WARN_UNREACHABLE_CODE = YES;
				CLANG_WARN__DUPLICATE_METHOD_MATCH = YES;
				COPY_PHASE_STRIP = NO;
				DEBUG_INFORMATION_FORMAT = "dwarf-with-dsym";
				ENABLE_NS_ASSERTIONS = NO;
				ENABLE_STRICT_OBJC_MSGSEND = YES;
				GCC_C_LANGUAGE_STANDARD = gnu11;
				GCC_NO_COMMON_BLOCKS = YES;
				GCC_WARN_64_TO_32_BIT_CONVERSION = YES;
				GCC_WARN_ABOUT_RETURN_TYPE = YES_ERROR;
				GCC_WARN_UNDECLARED_SELECTOR = YES;
				GCC_WARN_UNINITIALIZED_AUTOS = YES_AGGRESSIVE;
				GCC_WARN_UNUSED_FUNCTION = YES;
				GCC_WARN_UNUSED_VARIABLE = YES;
				IPHONEOS_DEPLOYMENT_TARGET = 14.3;
				MTL_ENABLE_DEBUG_INFO = NO;
				MTL_FAST_MATH = YES;
				SDKROOT = iphoneos;
				SWIFT_COMPILATION_MODE = wholemodule;
				SWIFT_OPTIMIZATION_LEVEL = "-O";
				VALIDATE_PRODUCT = YES;
			};
			name = Release;
		};
		670DEABE259C7E1200B52688 /* Debug */ = {
			isa = XCBuildConfiguration;
			buildSettings = {
				ASSETCATALOG_COMPILER_APPICON_NAME = AppIcon;
				ASSETCATALOG_COMPILER_GLOBAL_ACCENT_COLOR_NAME = AccentColor;
				CODE_SIGN_STYLE = Automatic;
				DEVELOPMENT_TEAM = 398R4V523F;
				INFOPLIST_FILE = ListDemo/Info.plist;
				IPHONEOS_DEPLOYMENT_TARGET = 9.0;
				LD_RUNPATH_SEARCH_PATHS = (
					"$(inherited)",
					"@executable_path/Frameworks",
				);
				PRODUCT_BUNDLE_IDENTIFIER = com.Lingo.ListDemo;
				PRODUCT_NAME = "$(TARGET_NAME)";
				SWIFT_VERSION = 5.0;
				TARGETED_DEVICE_FAMILY = "1,2";
			};
			name = Debug;
		};
		670DEABF259C7E1200B52688 /* Release */ = {
			isa = XCBuildConfiguration;
			buildSettings = {
				ASSETCATALOG_COMPILER_APPICON_NAME = AppIcon;
				ASSETCATALOG_COMPILER_GLOBAL_ACCENT_COLOR_NAME = AccentColor;
				CODE_SIGN_STYLE = Automatic;
				DEVELOPMENT_TEAM = 398R4V523F;
				INFOPLIST_FILE = ListDemo/Info.plist;
				IPHONEOS_DEPLOYMENT_TARGET = 9.0;
				LD_RUNPATH_SEARCH_PATHS = (
					"$(inherited)",
					"@executable_path/Frameworks",
				);
				PRODUCT_BUNDLE_IDENTIFIER = com.Lingo.ListDemo;
				PRODUCT_NAME = "$(TARGET_NAME)";
				SWIFT_VERSION = 5.0;
				TARGETED_DEVICE_FAMILY = "1,2";
			};
			name = Release;
		};
/* End XCBuildConfiguration section */

/* Begin XCConfigurationList section */
		670DEAA4259C7DEF00B52688 /* Build configuration list for PBXProject "ListDemo" */ = {
			isa = XCConfigurationList;
			buildConfigurations = (
				670DEABB259C7E1200B52688 /* Debug */,
				670DEABC259C7E1200B52688 /* Release */,
			);
			defaultConfigurationIsVisible = 0;
			defaultConfigurationName = Release;
		};
		670DEABD259C7E1200B52688 /* Build configuration list for PBXNativeTarget "ListDemo" */ = {
			isa = XCConfigurationList;
			buildConfigurations = (
				670DEABE259C7E1200B52688 /* Debug */,
				670DEABF259C7E1200B52688 /* Release */,
			);
			defaultConfigurationIsVisible = 0;
			defaultConfigurationName = Release;
		};
/* End XCConfigurationList section */
	};
	rootObject = 670DEAA1259C7DEF00B52688 /* Project object */;
}
